// !$*UTF8*$!
{
	archiveVersion = 1;
	classes = {
	};
	objectVersion = 51;
	objects = {

/* Begin PBXBuildFile section */
		A45AD362FCDAEAD1A0BF9F33 /* Pods_NHFK_HolidayDrive_NHFK_HolidayDriveUITests.framework in Frameworks */ = {isa = PBXBuildFile; fileRef = D5C1563366CC7FC4873A7FB0 /* Pods_NHFK_HolidayDrive_NHFK_HolidayDriveUITests.framework */; };
		B49402697B9F354CC370FAFE /* Pods_NHFK_HolidayDriveTests.framework in Frameworks */ = {isa = PBXBuildFile; fileRef = FD6D0DD66862AF79B05ACCD3 /* Pods_NHFK_HolidayDriveTests.framework */; };
		F12E7FAA25510B9600160B28 /* ChildCell.swift in Sources */ = {isa = PBXBuildFile; fileRef = F12E7FA925510B9600160B28 /* ChildCell.swift */; };
		F175FD472546139A0011DD50 /* Toast.swift in Sources */ = {isa = PBXBuildFile; fileRef = F175FD462546139A0011DD50 /* Toast.swift */; };
		F175FD54254615FE0011DD50 /* Utility.swift in Sources */ = {isa = PBXBuildFile; fileRef = F175FD53254615FE0011DD50 /* Utility.swift */; };
		F175FD5C254645840011DD50 /* GoogleService-Info.plist in Resources */ = {isa = PBXBuildFile; fileRef = F175FD5B254645840011DD50 /* GoogleService-Info.plist */; };
		F175FD5D254645840011DD50 /* GoogleService-Info.plist in Resources */ = {isa = PBXBuildFile; fileRef = F175FD5B254645840011DD50 /* GoogleService-Info.plist */; };
		F175FD5E254645840011DD50 /* GoogleService-Info.plist in Resources */ = {isa = PBXBuildFile; fileRef = F175FD5B254645840011DD50 /* GoogleService-Info.plist */; };
		F175FD6A254648290011DD50 /* DancingScript-Bold.ttf in Resources */ = {isa = PBXBuildFile; fileRef = F175FD69254648290011DD50 /* DancingScript-Bold.ttf */; };
		F175FD74254648310011DD50 /* DancingScript-Medium.ttf in Resources */ = {isa = PBXBuildFile; fileRef = F175FD73254648310011DD50 /* DancingScript-Medium.ttf */; };
		F175FD7B2546483A0011DD50 /* DancingScript-Regular.ttf in Resources */ = {isa = PBXBuildFile; fileRef = F175FD7A2546483A0011DD50 /* DancingScript-Regular.ttf */; };
		F175FD82254648420011DD50 /* DancingScript-SemiBold.ttf in Resources */ = {isa = PBXBuildFile; fileRef = F175FD81254648420011DD50 /* DancingScript-SemiBold.ttf */; };
		F175FD95254BA5780011DD50 /* Child.swift in Sources */ = {isa = PBXBuildFile; fileRef = F175FD94254BA5770011DD50 /* Child.swift */; };
		F175FD9A254BA5870011DD50 /* Sponsor.swift in Sources */ = {isa = PBXBuildFile; fileRef = F175FD99254BA5870011DD50 /* Sponsor.swift */; };
		F175FD9F254BB2780011DD50 /* ResetPasswordVC.swift in Sources */ = {isa = PBXBuildFile; fileRef = F175FD9E254BB2780011DD50 /* ResetPasswordVC.swift */; };
		F1804816254530E8000501D4 /* Users.swift in Sources */ = {isa = PBXBuildFile; fileRef = F1804815254530E8000501D4 /* Users.swift */; };
		F1E68E032543D018006892EE /* AppDelegate.swift in Sources */ = {isa = PBXBuildFile; fileRef = F1E68E022543D018006892EE /* AppDelegate.swift */; };
		F1E68E052543D018006892EE /* SceneDelegate.swift in Sources */ = {isa = PBXBuildFile; fileRef = F1E68E042543D018006892EE /* SceneDelegate.swift */; };
		F1E68E0A2543D018006892EE /* Main.storyboard in Resources */ = {isa = PBXBuildFile; fileRef = F1E68E082543D018006892EE /* Main.storyboard */; };
		F1E68E0C2543D019006892EE /* Assets.xcassets in Resources */ = {isa = PBXBuildFile; fileRef = F1E68E0B2543D019006892EE /* Assets.xcassets */; };
		F1E68E0F2543D019006892EE /* LaunchScreen.storyboard in Resources */ = {isa = PBXBuildFile; fileRef = F1E68E0D2543D019006892EE /* LaunchScreen.storyboard */; };
		F1E68E1A2543D019006892EE /* NHFK_HolidayDriveTests.swift in Sources */ = {isa = PBXBuildFile; fileRef = F1E68E192543D019006892EE /* NHFK_HolidayDriveTests.swift */; };
		F1E68E252543D019006892EE /* NHFK_HolidayDriveUITests.swift in Sources */ = {isa = PBXBuildFile; fileRef = F1E68E242543D019006892EE /* NHFK_HolidayDriveUITests.swift */; };
		F1E68E392543D186006892EE /* LoginVC.swift in Sources */ = {isa = PBXBuildFile; fileRef = F1E68E382543D186006892EE /* LoginVC.swift */; };
		F1E68E412543D1BC006892EE /* RegStepOneVC.swift in Sources */ = {isa = PBXBuildFile; fileRef = F1E68E402543D1BC006892EE /* RegStepOneVC.swift */; };
		F1E68E462543D1CA006892EE /* RegStepTwoVC.swift in Sources */ = {isa = PBXBuildFile; fileRef = F1E68E452543D1CA006892EE /* RegStepTwoVC.swift */; };
		F1E68E4B2543D1D8006892EE /* HomeVC.swift in Sources */ = {isa = PBXBuildFile; fileRef = F1E68E4A2543D1D8006892EE /* HomeVC.swift */; };
		F1E68E502543D1EE006892EE /* ChildListVC.swift in Sources */ = {isa = PBXBuildFile; fileRef = F1E68E4F2543D1EE006892EE /* ChildListVC.swift */; };
		F1E68E552543D1F8006892EE /* DonateVC.swift in Sources */ = {isa = PBXBuildFile; fileRef = F1E68E542543D1F8006892EE /* DonateVC.swift */; };
		F1E68E5A2543D23F006892EE /* AboutVC.swift in Sources */ = {isa = PBXBuildFile; fileRef = F1E68E592543D23F006892EE /* AboutVC.swift */; };
		F1E68E5F2543D257006892EE /* SponsorsVC.swift in Sources */ = {isa = PBXBuildFile; fileRef = F1E68E5E2543D257006892EE /* SponsorsVC.swift */; };
		F1E68E642543D264006892EE /* AccountVC.swift in Sources */ = {isa = PBXBuildFile; fileRef = F1E68E632543D264006892EE /* AccountVC.swift */; };
		F1E68E692543D28A006892EE /* AddChildVC.swift in Sources */ = {isa = PBXBuildFile; fileRef = F1E68E682543D28A006892EE /* AddChildVC.swift */; };
		F1E68E6E2543D297006892EE /* EditChildVC.swift in Sources */ = {isa = PBXBuildFile; fileRef = F1E68E6D2543D297006892EE /* EditChildVC.swift */; };
		F1E68E732543D2D9006892EE /* EditHomeVC.swift in Sources */ = {isa = PBXBuildFile; fileRef = F1E68E722543D2D9006892EE /* EditHomeVC.swift */; };
		F1E68E782543D2EA006892EE /* EditAccountVC.swift in Sources */ = {isa = PBXBuildFile; fileRef = F1E68E772543D2EA006892EE /* EditAccountVC.swift */; };
		F1E68E7D2543D5C1006892EE /* AppStatisticsVC.swift in Sources */ = {isa = PBXBuildFile; fileRef = F1E68E7C2543D5C1006892EE /* AppStatisticsVC.swift */; };
		F9E78A1599618C62D45A06F0 /* Pods_NHFK_HolidayDrive.framework in Frameworks */ = {isa = PBXBuildFile; fileRef = 0DBAE94329F556A6D2C18631 /* Pods_NHFK_HolidayDrive.framework */; };
/* End PBXBuildFile section */

/* Begin PBXContainerItemProxy section */
		F1E68E162543D019006892EE /* PBXContainerItemProxy */ = {
			isa = PBXContainerItemProxy;
			containerPortal = F1E68DF72543D018006892EE /* Project object */;
			proxyType = 1;
			remoteGlobalIDString = F1E68DFE2543D018006892EE;
			remoteInfo = NHFK_HolidayDrive;
		};
		F1E68E212543D019006892EE /* PBXContainerItemProxy */ = {
			isa = PBXContainerItemProxy;
			containerPortal = F1E68DF72543D018006892EE /* Project object */;
			proxyType = 1;
			remoteGlobalIDString = F1E68DFE2543D018006892EE;
			remoteInfo = NHFK_HolidayDrive;
		};
/* End PBXContainerItemProxy section */

/* Begin PBXFileReference section */
		0BA21CC0661A93D356CEE766 /* Pods-NHFK_HolidayDrive.release.xcconfig */ = {isa = PBXFileReference; includeInIndex = 1; lastKnownFileType = text.xcconfig; name = "Pods-NHFK_HolidayDrive.release.xcconfig"; path = "Target Support Files/Pods-NHFK_HolidayDrive/Pods-NHFK_HolidayDrive.release.xcconfig"; sourceTree = "<group>"; };
		0DBAE94329F556A6D2C18631 /* Pods_NHFK_HolidayDrive.framework */ = {isa = PBXFileReference; explicitFileType = wrapper.framework; includeInIndex = 0; path = Pods_NHFK_HolidayDrive.framework; sourceTree = BUILT_PRODUCTS_DIR; };
		45752EBB87C152B3D0DF3D44 /* Pods-NHFK_HolidayDrive-NHFK_HolidayDriveUITests.release.xcconfig */ = {isa = PBXFileReference; includeInIndex = 1; lastKnownFileType = text.xcconfig; name = "Pods-NHFK_HolidayDrive-NHFK_HolidayDriveUITests.release.xcconfig"; path = "Target Support Files/Pods-NHFK_HolidayDrive-NHFK_HolidayDriveUITests/Pods-NHFK_HolidayDrive-NHFK_HolidayDriveUITests.release.xcconfig"; sourceTree = "<group>"; };
		470B9CE84E860AABECB7D4C6 /* Pods-NHFK_HolidayDrive.debug.xcconfig */ = {isa = PBXFileReference; includeInIndex = 1; lastKnownFileType = text.xcconfig; name = "Pods-NHFK_HolidayDrive.debug.xcconfig"; path = "Target Support Files/Pods-NHFK_HolidayDrive/Pods-NHFK_HolidayDrive.debug.xcconfig"; sourceTree = "<group>"; };
		641304F73DDC6DF675E344A4 /* Pods-NHFK_HolidayDriveTests.debug.xcconfig */ = {isa = PBXFileReference; includeInIndex = 1; lastKnownFileType = text.xcconfig; name = "Pods-NHFK_HolidayDriveTests.debug.xcconfig"; path = "Target Support Files/Pods-NHFK_HolidayDriveTests/Pods-NHFK_HolidayDriveTests.debug.xcconfig"; sourceTree = "<group>"; };
		C3E106ABBDC48ADCEBFD4F76 /* Pods-NHFK_HolidayDriveTests.release.xcconfig */ = {isa = PBXFileReference; includeInIndex = 1; lastKnownFileType = text.xcconfig; name = "Pods-NHFK_HolidayDriveTests.release.xcconfig"; path = "Target Support Files/Pods-NHFK_HolidayDriveTests/Pods-NHFK_HolidayDriveTests.release.xcconfig"; sourceTree = "<group>"; };
		D5C1563366CC7FC4873A7FB0 /* Pods_NHFK_HolidayDrive_NHFK_HolidayDriveUITests.framework */ = {isa = PBXFileReference; explicitFileType = wrapper.framework; includeInIndex = 0; path = Pods_NHFK_HolidayDrive_NHFK_HolidayDriveUITests.framework; sourceTree = BUILT_PRODUCTS_DIR; };
		E705539AD5821491A16A8857 /* Pods-NHFK_HolidayDrive-NHFK_HolidayDriveUITests.debug.xcconfig */ = {isa = PBXFileReference; includeInIndex = 1; lastKnownFileType = text.xcconfig; name = "Pods-NHFK_HolidayDrive-NHFK_HolidayDriveUITests.debug.xcconfig"; path = "Target Support Files/Pods-NHFK_HolidayDrive-NHFK_HolidayDriveUITests/Pods-NHFK_HolidayDrive-NHFK_HolidayDriveUITests.debug.xcconfig"; sourceTree = "<group>"; };
		F12E7FA925510B9600160B28 /* ChildCell.swift */ = {isa = PBXFileReference; lastKnownFileType = sourcecode.swift; path = ChildCell.swift; sourceTree = "<group>"; };
		F175FD462546139A0011DD50 /* Toast.swift */ = {isa = PBXFileReference; lastKnownFileType = sourcecode.swift; path = Toast.swift; sourceTree = "<group>"; };
		F175FD53254615FE0011DD50 /* Utility.swift */ = {isa = PBXFileReference; lastKnownFileType = sourcecode.swift; path = Utility.swift; sourceTree = "<group>"; };
		F175FD5B254645840011DD50 /* GoogleService-Info.plist */ = {isa = PBXFileReference; fileEncoding = 4; lastKnownFileType = text.plist.xml; path = "GoogleService-Info.plist"; sourceTree = "<group>"; };
		F175FD69254648290011DD50 /* DancingScript-Bold.ttf */ = {isa = PBXFileReference; lastKnownFileType = file; path = "DancingScript-Bold.ttf"; sourceTree = "<group>"; };
		F175FD73254648310011DD50 /* DancingScript-Medium.ttf */ = {isa = PBXFileReference; lastKnownFileType = file; path = "DancingScript-Medium.ttf"; sourceTree = "<group>"; };
		F175FD7A2546483A0011DD50 /* DancingScript-Regular.ttf */ = {isa = PBXFileReference; lastKnownFileType = file; path = "DancingScript-Regular.ttf"; sourceTree = "<group>"; };
		F175FD81254648420011DD50 /* DancingScript-SemiBold.ttf */ = {isa = PBXFileReference; lastKnownFileType = file; path = "DancingScript-SemiBold.ttf"; sourceTree = "<group>"; };
		F175FD94254BA5770011DD50 /* Child.swift */ = {isa = PBXFileReference; lastKnownFileType = sourcecode.swift; path = Child.swift; sourceTree = "<group>"; };
		F175FD99254BA5870011DD50 /* Sponsor.swift */ = {isa = PBXFileReference; lastKnownFileType = sourcecode.swift; path = Sponsor.swift; sourceTree = "<group>"; };
		F175FD9E254BB2780011DD50 /* ResetPasswordVC.swift */ = {isa = PBXFileReference; lastKnownFileType = sourcecode.swift; path = ResetPasswordVC.swift; sourceTree = "<group>"; };
		F1804815254530E8000501D4 /* Users.swift */ = {isa = PBXFileReference; lastKnownFileType = sourcecode.swift; path = Users.swift; sourceTree = "<group>"; };
		F180486E2545DFAC000501D4 /* NHFK_HolidayDrive.entitlements */ = {isa = PBXFileReference; lastKnownFileType = text.plist.entitlements; path = NHFK_HolidayDrive.entitlements; sourceTree = "<group>"; };
		F1E68DFF2543D018006892EE /* NHFK_HolidayDrive.app */ = {isa = PBXFileReference; explicitFileType = wrapper.application; includeInIndex = 0; path = NHFK_HolidayDrive.app; sourceTree = BUILT_PRODUCTS_DIR; };
		F1E68E022543D018006892EE /* AppDelegate.swift */ = {isa = PBXFileReference; lastKnownFileType = sourcecode.swift; path = AppDelegate.swift; sourceTree = "<group>"; };
		F1E68E042543D018006892EE /* SceneDelegate.swift */ = {isa = PBXFileReference; lastKnownFileType = sourcecode.swift; path = SceneDelegate.swift; sourceTree = "<group>"; };
		F1E68E092543D018006892EE /* Base */ = {isa = PBXFileReference; lastKnownFileType = file.storyboard; name = Base; path = Base.lproj/Main.storyboard; sourceTree = "<group>"; };
		F1E68E0B2543D019006892EE /* Assets.xcassets */ = {isa = PBXFileReference; lastKnownFileType = folder.assetcatalog; path = Assets.xcassets; sourceTree = "<group>"; };
		F1E68E0E2543D019006892EE /* Base */ = {isa = PBXFileReference; lastKnownFileType = file.storyboard; name = Base; path = Base.lproj/LaunchScreen.storyboard; sourceTree = "<group>"; };
		F1E68E102543D019006892EE /* Info.plist */ = {isa = PBXFileReference; lastKnownFileType = text.plist.xml; path = Info.plist; sourceTree = "<group>"; };
		F1E68E152543D019006892EE /* NHFK_HolidayDriveTests.xctest */ = {isa = PBXFileReference; explicitFileType = wrapper.cfbundle; includeInIndex = 0; path = NHFK_HolidayDriveTests.xctest; sourceTree = BUILT_PRODUCTS_DIR; };
		F1E68E192543D019006892EE /* NHFK_HolidayDriveTests.swift */ = {isa = PBXFileReference; lastKnownFileType = sourcecode.swift; path = NHFK_HolidayDriveTests.swift; sourceTree = "<group>"; };
		F1E68E1B2543D019006892EE /* Info.plist */ = {isa = PBXFileReference; lastKnownFileType = text.plist.xml; path = Info.plist; sourceTree = "<group>"; };
		F1E68E202543D019006892EE /* NHFK_HolidayDriveUITests.xctest */ = {isa = PBXFileReference; explicitFileType = wrapper.cfbundle; includeInIndex = 0; path = NHFK_HolidayDriveUITests.xctest; sourceTree = BUILT_PRODUCTS_DIR; };
		F1E68E242543D019006892EE /* NHFK_HolidayDriveUITests.swift */ = {isa = PBXFileReference; lastKnownFileType = sourcecode.swift; path = NHFK_HolidayDriveUITests.swift; sourceTree = "<group>"; };
		F1E68E262543D019006892EE /* Info.plist */ = {isa = PBXFileReference; lastKnownFileType = text.plist.xml; path = Info.plist; sourceTree = "<group>"; };
		F1E68E382543D186006892EE /* LoginVC.swift */ = {isa = PBXFileReference; lastKnownFileType = sourcecode.swift; path = LoginVC.swift; sourceTree = "<group>"; };
		F1E68E402543D1BC006892EE /* RegStepOneVC.swift */ = {isa = PBXFileReference; lastKnownFileType = sourcecode.swift; path = RegStepOneVC.swift; sourceTree = "<group>"; };
		F1E68E452543D1CA006892EE /* RegStepTwoVC.swift */ = {isa = PBXFileReference; lastKnownFileType = sourcecode.swift; path = RegStepTwoVC.swift; sourceTree = "<group>"; };
		F1E68E4A2543D1D8006892EE /* HomeVC.swift */ = {isa = PBXFileReference; lastKnownFileType = sourcecode.swift; path = HomeVC.swift; sourceTree = "<group>"; };
		F1E68E4F2543D1EE006892EE /* ChildListVC.swift */ = {isa = PBXFileReference; lastKnownFileType = sourcecode.swift; path = ChildListVC.swift; sourceTree = "<group>"; };
		F1E68E542543D1F8006892EE /* DonateVC.swift */ = {isa = PBXFileReference; lastKnownFileType = sourcecode.swift; path = DonateVC.swift; sourceTree = "<group>"; };
		F1E68E592543D23F006892EE /* AboutVC.swift */ = {isa = PBXFileReference; lastKnownFileType = sourcecode.swift; path = AboutVC.swift; sourceTree = "<group>"; };
		F1E68E5E2543D257006892EE /* SponsorsVC.swift */ = {isa = PBXFileReference; lastKnownFileType = sourcecode.swift; path = SponsorsVC.swift; sourceTree = "<group>"; };
		F1E68E632543D264006892EE /* AccountVC.swift */ = {isa = PBXFileReference; lastKnownFileType = sourcecode.swift; path = AccountVC.swift; sourceTree = "<group>"; };
		F1E68E682543D28A006892EE /* AddChildVC.swift */ = {isa = PBXFileReference; lastKnownFileType = sourcecode.swift; path = AddChildVC.swift; sourceTree = "<group>"; };
		F1E68E6D2543D297006892EE /* EditChildVC.swift */ = {isa = PBXFileReference; lastKnownFileType = sourcecode.swift; path = EditChildVC.swift; sourceTree = "<group>"; };
		F1E68E722543D2D9006892EE /* EditHomeVC.swift */ = {isa = PBXFileReference; lastKnownFileType = sourcecode.swift; path = EditHomeVC.swift; sourceTree = "<group>"; };
		F1E68E772543D2EA006892EE /* EditAccountVC.swift */ = {isa = PBXFileReference; lastKnownFileType = sourcecode.swift; path = EditAccountVC.swift; sourceTree = "<group>"; };
		F1E68E7C2543D5C1006892EE /* AppStatisticsVC.swift */ = {isa = PBXFileReference; lastKnownFileType = sourcecode.swift; path = AppStatisticsVC.swift; sourceTree = "<group>"; };
		FD6D0DD66862AF79B05ACCD3 /* Pods_NHFK_HolidayDriveTests.framework */ = {isa = PBXFileReference; explicitFileType = wrapper.framework; includeInIndex = 0; path = Pods_NHFK_HolidayDriveTests.framework; sourceTree = BUILT_PRODUCTS_DIR; };
/* End PBXFileReference section */

/* Begin PBXFrameworksBuildPhase section */
		F1E68DFC2543D018006892EE /* Frameworks */ = {
			isa = PBXFrameworksBuildPhase;
			buildActionMask = 2147483647;
			files = (
				F9E78A1599618C62D45A06F0 /* Pods_NHFK_HolidayDrive.framework in Frameworks */,
			);
			runOnlyForDeploymentPostprocessing = 0;
		};
		F1E68E122543D019006892EE /* Frameworks */ = {
			isa = PBXFrameworksBuildPhase;
			buildActionMask = 2147483647;
			files = (
				B49402697B9F354CC370FAFE /* Pods_NHFK_HolidayDriveTests.framework in Frameworks */,
			);
			runOnlyForDeploymentPostprocessing = 0;
		};
		F1E68E1D2543D019006892EE /* Frameworks */ = {
			isa = PBXFrameworksBuildPhase;
			buildActionMask = 2147483647;
			files = (
				A45AD362FCDAEAD1A0BF9F33 /* Pods_NHFK_HolidayDrive_NHFK_HolidayDriveUITests.framework in Frameworks */,
			);
			runOnlyForDeploymentPostprocessing = 0;
		};
/* End PBXFrameworksBuildPhase section */

/* Begin PBXGroup section */
		3ECE10E81845B5DA68E926FD /* Pods */ = {
			isa = PBXGroup;
			children = (
				470B9CE84E860AABECB7D4C6 /* Pods-NHFK_HolidayDrive.debug.xcconfig */,
				0BA21CC0661A93D356CEE766 /* Pods-NHFK_HolidayDrive.release.xcconfig */,
				E705539AD5821491A16A8857 /* Pods-NHFK_HolidayDrive-NHFK_HolidayDriveUITests.debug.xcconfig */,
				45752EBB87C152B3D0DF3D44 /* Pods-NHFK_HolidayDrive-NHFK_HolidayDriveUITests.release.xcconfig */,
				641304F73DDC6DF675E344A4 /* Pods-NHFK_HolidayDriveTests.debug.xcconfig */,
				C3E106ABBDC48ADCEBFD4F76 /* Pods-NHFK_HolidayDriveTests.release.xcconfig */,
			);
			path = Pods;
			sourceTree = "<group>";
		};
		945F40E3B64B23BD6EB46A15 /* Frameworks */ = {
			isa = PBXGroup;
			children = (
				0DBAE94329F556A6D2C18631 /* Pods_NHFK_HolidayDrive.framework */,
				D5C1563366CC7FC4873A7FB0 /* Pods_NHFK_HolidayDrive_NHFK_HolidayDriveUITests.framework */,
				FD6D0DD66862AF79B05ACCD3 /* Pods_NHFK_HolidayDriveTests.framework */,
			);
			name = Frameworks;
			sourceTree = "<group>";
		};
		F175FD4B254615EC0011DD50 /* Objects */ = {
			isa = PBXGroup;
			children = (
				F1804815254530E8000501D4 /* Users.swift */,
				F175FD94254BA5770011DD50 /* Child.swift */,
				F175FD99254BA5870011DD50 /* Sponsor.swift */,
				F12E7FA925510B9600160B28 /* ChildCell.swift */,
			);
			path = Objects;
			sourceTree = "<group>";
		};
		F175FD4F254615F20011DD50 /* Helpers */ = {
			isa = PBXGroup;
			children = (
				F175FD462546139A0011DD50 /* Toast.swift */,
				F175FD53254615FE0011DD50 /* Utility.swift */,
			);
			path = Helpers;
			sourceTree = "<group>";
		};
		F175FD682546481A0011DD50 /* Fonts */ = {
			isa = PBXGroup;
			children = (
				F175FD69254648290011DD50 /* DancingScript-Bold.ttf */,
				F175FD73254648310011DD50 /* DancingScript-Medium.ttf */,
				F175FD7A2546483A0011DD50 /* DancingScript-Regular.ttf */,
				F175FD81254648420011DD50 /* DancingScript-SemiBold.ttf */,
			);
			path = Fonts;
			sourceTree = "<group>";
		};
		F1E68DF62543D018006892EE = {
			isa = PBXGroup;
			children = (
				F1E68E012543D018006892EE /* NHFK_HolidayDrive */,
				F1E68E182543D019006892EE /* NHFK_HolidayDriveTests */,
				F1E68E232543D019006892EE /* NHFK_HolidayDriveUITests */,
				F1E68E002543D018006892EE /* Products */,
				3ECE10E81845B5DA68E926FD /* Pods */,
				945F40E3B64B23BD6EB46A15 /* Frameworks */,
			);
			sourceTree = "<group>";
		};
		F1E68E002543D018006892EE /* Products */ = {
			isa = PBXGroup;
			children = (
				F1E68DFF2543D018006892EE /* NHFK_HolidayDrive.app */,
				F1E68E152543D019006892EE /* NHFK_HolidayDriveTests.xctest */,
				F1E68E202543D019006892EE /* NHFK_HolidayDriveUITests.xctest */,
			);
			name = Products;
			sourceTree = "<group>";
		};
		F1E68E012543D018006892EE /* NHFK_HolidayDrive */ = {
			isa = PBXGroup;
			children = (
				F180486E2545DFAC000501D4 /* NHFK_HolidayDrive.entitlements */,
				F175FD682546481A0011DD50 /* Fonts */,
				F175FD4B254615EC0011DD50 /* Objects */,
				F175FD4F254615F20011DD50 /* Helpers */,
				F1E68E352543D0D9006892EE /* Login_Reg_Controllers */,
				F1E68E362543D110006892EE /* Tab_Controllers */,
				F1E68E372543D12D006892EE /* Add_Edit_Controllers */,
				F1E68E022543D018006892EE /* AppDelegate.swift */,
				F1E68E042543D018006892EE /* SceneDelegate.swift */,
				F1E68E082543D018006892EE /* Main.storyboard */,
				F1E68E0D2543D019006892EE /* LaunchScreen.storyboard */,
				F1E68E0B2543D019006892EE /* Assets.xcassets */,
				F1E68E102543D019006892EE /* Info.plist */,
				F175FD5B254645840011DD50 /* GoogleService-Info.plist */,
			);
			path = NHFK_HolidayDrive;
			sourceTree = "<group>";
		};
		F1E68E182543D019006892EE /* NHFK_HolidayDriveTests */ = {
			isa = PBXGroup;
			children = (
				F1E68E192543D019006892EE /* NHFK_HolidayDriveTests.swift */,
				F1E68E1B2543D019006892EE /* Info.plist */,
			);
			path = NHFK_HolidayDriveTests;
			sourceTree = "<group>";
		};
		F1E68E232543D019006892EE /* NHFK_HolidayDriveUITests */ = {
			isa = PBXGroup;
			children = (
				F1E68E242543D019006892EE /* NHFK_HolidayDriveUITests.swift */,
				F1E68E262543D019006892EE /* Info.plist */,
			);
			path = NHFK_HolidayDriveUITests;
			sourceTree = "<group>";
		};
		F1E68E352543D0D9006892EE /* Login_Reg_Controllers */ = {
			isa = PBXGroup;
			children = (
				F1E68E382543D186006892EE /* LoginVC.swift */,
				F1E68E402543D1BC006892EE /* RegStepOneVC.swift */,
				F1E68E452543D1CA006892EE /* RegStepTwoVC.swift */,
				F175FD9E254BB2780011DD50 /* ResetPasswordVC.swift */,
			);
			path = Login_Reg_Controllers;
			sourceTree = "<group>";
		};
		F1E68E362543D110006892EE /* Tab_Controllers */ = {
			isa = PBXGroup;
			children = (
				F1E68E4A2543D1D8006892EE /* HomeVC.swift */,
				F1E68E4F2543D1EE006892EE /* ChildListVC.swift */,
				F1E68E542543D1F8006892EE /* DonateVC.swift */,
				F1E68E592543D23F006892EE /* AboutVC.swift */,
				F1E68E5E2543D257006892EE /* SponsorsVC.swift */,
				F1E68E632543D264006892EE /* AccountVC.swift */,
				F1E68E7C2543D5C1006892EE /* AppStatisticsVC.swift */,
			);
			path = Tab_Controllers;
			sourceTree = "<group>";
		};
		F1E68E372543D12D006892EE /* Add_Edit_Controllers */ = {
			isa = PBXGroup;
			children = (
				F1E68E682543D28A006892EE /* AddChildVC.swift */,
				F1E68E6D2543D297006892EE /* EditChildVC.swift */,
				F1E68E722543D2D9006892EE /* EditHomeVC.swift */,
				F1E68E772543D2EA006892EE /* EditAccountVC.swift */,
			);
			path = Add_Edit_Controllers;
			sourceTree = "<group>";
		};
/* End PBXGroup section */

/* Begin PBXNativeTarget section */
		F1E68DFE2543D018006892EE /* NHFK_HolidayDrive */ = {
			isa = PBXNativeTarget;
			buildConfigurationList = F1E68E292543D019006892EE /* Build configuration list for PBXNativeTarget "NHFK_HolidayDrive" */;
			buildPhases = (
				16DA3058CAEBB53D51D5D3E2 /* [CP] Check Pods Manifest.lock */,
				F1E68DFB2543D018006892EE /* Sources */,
				F1E68DFC2543D018006892EE /* Frameworks */,
				F1E68DFD2543D018006892EE /* Resources */,
				6D0D4857FC2567E59203640F /* [CP] Embed Pods Frameworks */,
				B1E488A8450556EF6E6F6F87 /* [CP] Copy Pods Resources */,
			);
			buildRules = (
			);
			dependencies = (
			);
			name = NHFK_HolidayDrive;
			productName = NHFK_HolidayDrive;
			productReference = F1E68DFF2543D018006892EE /* NHFK_HolidayDrive.app */;
			productType = "com.apple.product-type.application";
		};
		F1E68E142543D019006892EE /* NHFK_HolidayDriveTests */ = {
			isa = PBXNativeTarget;
			buildConfigurationList = F1E68E2C2543D019006892EE /* Build configuration list for PBXNativeTarget "NHFK_HolidayDriveTests" */;
			buildPhases = (
				1F954B39053C2C98E1A4FCB7 /* [CP] Check Pods Manifest.lock */,
				F1E68E112543D019006892EE /* Sources */,
				F1E68E122543D019006892EE /* Frameworks */,
				F1E68E132543D019006892EE /* Resources */,
			);
			buildRules = (
			);
			dependencies = (
				F1E68E172543D019006892EE /* PBXTargetDependency */,
			);
			name = NHFK_HolidayDriveTests;
			productName = NHFK_HolidayDriveTests;
			productReference = F1E68E152543D019006892EE /* NHFK_HolidayDriveTests.xctest */;
			productType = "com.apple.product-type.bundle.unit-test";
		};
		F1E68E1F2543D019006892EE /* NHFK_HolidayDriveUITests */ = {
			isa = PBXNativeTarget;
			buildConfigurationList = F1E68E2F2543D019006892EE /* Build configuration list for PBXNativeTarget "NHFK_HolidayDriveUITests" */;
			buildPhases = (
				B5E82F60D64F4D8B1FB9E202 /* [CP] Check Pods Manifest.lock */,
				F1E68E1C2543D019006892EE /* Sources */,
				F1E68E1D2543D019006892EE /* Frameworks */,
				F1E68E1E2543D019006892EE /* Resources */,
				AA262495BF98E8CECA1AA878 /* [CP] Embed Pods Frameworks */,
				B6B295DFE907044B433EB9EE /* [CP] Copy Pods Resources */,
			);
			buildRules = (
			);
			dependencies = (
				F1E68E222543D019006892EE /* PBXTargetDependency */,
			);
			name = NHFK_HolidayDriveUITests;
			productName = NHFK_HolidayDriveUITests;
			productReference = F1E68E202543D019006892EE /* NHFK_HolidayDriveUITests.xctest */;
			productType = "com.apple.product-type.bundle.ui-testing";
		};
/* End PBXNativeTarget section */

/* Begin PBXProject section */
		F1E68DF72543D018006892EE /* Project object */ = {
			isa = PBXProject;
			attributes = {
				LastSwiftUpdateCheck = 1210;
				LastUpgradeCheck = 1210;
				TargetAttributes = {
					F1E68DFE2543D018006892EE = {
						CreatedOnToolsVersion = 12.1;
					};
					F1E68E142543D019006892EE = {
						CreatedOnToolsVersion = 12.1;
						TestTargetID = F1E68DFE2543D018006892EE;
					};
					F1E68E1F2543D019006892EE = {
						CreatedOnToolsVersion = 12.1;
						TestTargetID = F1E68DFE2543D018006892EE;
					};
				};
			};
			buildConfigurationList = F1E68DFA2543D018006892EE /* Build configuration list for PBXProject "NHFK_HolidayDrive" */;
			compatibilityVersion = "Xcode 9.3";
			developmentRegion = en;
			hasScannedForEncodings = 0;
			knownRegions = (
				en,
				Base,
			);
			mainGroup = F1E68DF62543D018006892EE;
			productRefGroup = F1E68E002543D018006892EE /* Products */;
			projectDirPath = "";
			projectRoot = "";
			targets = (
				F1E68DFE2543D018006892EE /* NHFK_HolidayDrive */,
				F1E68E142543D019006892EE /* NHFK_HolidayDriveTests */,
				F1E68E1F2543D019006892EE /* NHFK_HolidayDriveUITests */,
			);
		};
/* End PBXProject section */

/* Begin PBXResourcesBuildPhase section */
		F1E68DFD2543D018006892EE /* Resources */ = {
			isa = PBXResourcesBuildPhase;
			buildActionMask = 2147483647;
			files = (
				F175FD5C254645840011DD50 /* GoogleService-Info.plist in Resources */,
				F1E68E0F2543D019006892EE /* LaunchScreen.storyboard in Resources */,
				F1E68E0C2543D019006892EE /* Assets.xcassets in Resources */,
				F175FD82254648420011DD50 /* DancingScript-SemiBold.ttf in Resources */,
				F175FD7B2546483A0011DD50 /* DancingScript-Regular.ttf in Resources */,
				F175FD74254648310011DD50 /* DancingScript-Medium.ttf in Resources */,
				F1E68E0A2543D018006892EE /* Main.storyboard in Resources */,
				F175FD6A254648290011DD50 /* DancingScript-Bold.ttf in Resources */,
			);
			runOnlyForDeploymentPostprocessing = 0;
		};
		F1E68E132543D019006892EE /* Resources */ = {
			isa = PBXResourcesBuildPhase;
			buildActionMask = 2147483647;
			files = (
				F175FD5D254645840011DD50 /* GoogleService-Info.plist in Resources */,
			);
			runOnlyForDeploymentPostprocessing = 0;
		};
		F1E68E1E2543D019006892EE /* Resources */ = {
			isa = PBXResourcesBuildPhase;
			buildActionMask = 2147483647;
			files = (
				F175FD5E254645840011DD50 /* GoogleService-Info.plist in Resources */,
			);
			runOnlyForDeploymentPostprocessing = 0;
		};
/* End PBXResourcesBuildPhase section */

/* Begin PBXShellScriptBuildPhase section */
		16DA3058CAEBB53D51D5D3E2 /* [CP] Check Pods Manifest.lock */ = {
			isa = PBXShellScriptBuildPhase;
			buildActionMask = 2147483647;
			files = (
			);
			inputFileListPaths = (
			);
			inputPaths = (
				"${PODS_PODFILE_DIR_PATH}/Podfile.lock",
				"${PODS_ROOT}/Manifest.lock",
			);
			name = "[CP] Check Pods Manifest.lock";
			outputFileListPaths = (
			);
			outputPaths = (
				"$(DERIVED_FILE_DIR)/Pods-NHFK_HolidayDrive-checkManifestLockResult.txt",
			);
			runOnlyForDeploymentPostprocessing = 0;
			shellPath = /bin/sh;
			shellScript = "diff \"${PODS_PODFILE_DIR_PATH}/Podfile.lock\" \"${PODS_ROOT}/Manifest.lock\" > /dev/null\nif [ $? != 0 ] ; then\n    # print error to STDERR\n    echo \"error: The sandbox is not in sync with the Podfile.lock. Run 'pod install' or update your CocoaPods installation.\" >&2\n    exit 1\nfi\n# This output is used by Xcode 'outputs' to avoid re-running this script phase.\necho \"SUCCESS\" > \"${SCRIPT_OUTPUT_FILE_0}\"\n";
			showEnvVarsInLog = 0;
		};
		1F954B39053C2C98E1A4FCB7 /* [CP] Check Pods Manifest.lock */ = {
			isa = PBXShellScriptBuildPhase;
			buildActionMask = 2147483647;
			files = (
			);
			inputFileListPaths = (
			);
			inputPaths = (
				"${PODS_PODFILE_DIR_PATH}/Podfile.lock",
				"${PODS_ROOT}/Manifest.lock",
			);
			name = "[CP] Check Pods Manifest.lock";
			outputFileListPaths = (
			);
			outputPaths = (
				"$(DERIVED_FILE_DIR)/Pods-NHFK_HolidayDriveTests-checkManifestLockResult.txt",
			);
			runOnlyForDeploymentPostprocessing = 0;
			shellPath = /bin/sh;
			shellScript = "diff \"${PODS_PODFILE_DIR_PATH}/Podfile.lock\" \"${PODS_ROOT}/Manifest.lock\" > /dev/null\nif [ $? != 0 ] ; then\n    # print error to STDERR\n    echo \"error: The sandbox is not in sync with the Podfile.lock. Run 'pod install' or update your CocoaPods installation.\" >&2\n    exit 1\nfi\n# This output is used by Xcode 'outputs' to avoid re-running this script phase.\necho \"SUCCESS\" > \"${SCRIPT_OUTPUT_FILE_0}\"\n";
			showEnvVarsInLog = 0;
		};
		6D0D4857FC2567E59203640F /* [CP] Embed Pods Frameworks */ = {
			isa = PBXShellScriptBuildPhase;
			buildActionMask = 2147483647;
			files = (
			);
			inputFileListPaths = (
				"${PODS_ROOT}/Target Support Files/Pods-NHFK_HolidayDrive/Pods-NHFK_HolidayDrive-frameworks-${CONFIGURATION}-input-files.xcfilelist",
			);
			name = "[CP] Embed Pods Frameworks";
			outputFileListPaths = (
				"${PODS_ROOT}/Target Support Files/Pods-NHFK_HolidayDrive/Pods-NHFK_HolidayDrive-frameworks-${CONFIGURATION}-output-files.xcfilelist",
			);
			runOnlyForDeploymentPostprocessing = 0;
			shellPath = /bin/sh;
			shellScript = "\"${PODS_ROOT}/Target Support Files/Pods-NHFK_HolidayDrive/Pods-NHFK_HolidayDrive-frameworks.sh\"\n";
			showEnvVarsInLog = 0;
		};
		AA262495BF98E8CECA1AA878 /* [CP] Embed Pods Frameworks */ = {
			isa = PBXShellScriptBuildPhase;
			buildActionMask = 2147483647;
			files = (
			);
			inputFileListPaths = (
				"${PODS_ROOT}/Target Support Files/Pods-NHFK_HolidayDrive-NHFK_HolidayDriveUITests/Pods-NHFK_HolidayDrive-NHFK_HolidayDriveUITests-frameworks-${CONFIGURATION}-input-files.xcfilelist",
			);
			name = "[CP] Embed Pods Frameworks";
			outputFileListPaths = (
				"${PODS_ROOT}/Target Support Files/Pods-NHFK_HolidayDrive-NHFK_HolidayDriveUITests/Pods-NHFK_HolidayDrive-NHFK_HolidayDriveUITests-frameworks-${CONFIGURATION}-output-files.xcfilelist",
			);
			runOnlyForDeploymentPostprocessing = 0;
			shellPath = /bin/sh;
			shellScript = "\"${PODS_ROOT}/Target Support Files/Pods-NHFK_HolidayDrive-NHFK_HolidayDriveUITests/Pods-NHFK_HolidayDrive-NHFK_HolidayDriveUITests-frameworks.sh\"\n";
			showEnvVarsInLog = 0;
		};
		B1E488A8450556EF6E6F6F87 /* [CP] Copy Pods Resources */ = {
			isa = PBXShellScriptBuildPhase;
			buildActionMask = 2147483647;
			files = (
			);
			inputFileListPaths = (
				"${PODS_ROOT}/Target Support Files/Pods-NHFK_HolidayDrive/Pods-NHFK_HolidayDrive-resources-${CONFIGURATION}-input-files.xcfilelist",
			);
			name = "[CP] Copy Pods Resources";
			outputFileListPaths = (
				"${PODS_ROOT}/Target Support Files/Pods-NHFK_HolidayDrive/Pods-NHFK_HolidayDrive-resources-${CONFIGURATION}-output-files.xcfilelist",
			);
			runOnlyForDeploymentPostprocessing = 0;
			shellPath = /bin/sh;
			shellScript = "\"${PODS_ROOT}/Target Support Files/Pods-NHFK_HolidayDrive/Pods-NHFK_HolidayDrive-resources.sh\"\n";
			showEnvVarsInLog = 0;
		};
		B5E82F60D64F4D8B1FB9E202 /* [CP] Check Pods Manifest.lock */ = {
			isa = PBXShellScriptBuildPhase;
			buildActionMask = 2147483647;
			files = (
			);
			inputFileListPaths = (
			);
			inputPaths = (
				"${PODS_PODFILE_DIR_PATH}/Podfile.lock",
				"${PODS_ROOT}/Manifest.lock",
			);
			name = "[CP] Check Pods Manifest.lock";
			outputFileListPaths = (
			);
			outputPaths = (
				"$(DERIVED_FILE_DIR)/Pods-NHFK_HolidayDrive-NHFK_HolidayDriveUITests-checkManifestLockResult.txt",
			);
			runOnlyForDeploymentPostprocessing = 0;
			shellPath = /bin/sh;
			shellScript = "diff \"${PODS_PODFILE_DIR_PATH}/Podfile.lock\" \"${PODS_ROOT}/Manifest.lock\" > /dev/null\nif [ $? != 0 ] ; then\n    # print error to STDERR\n    echo \"error: The sandbox is not in sync with the Podfile.lock. Run 'pod install' or update your CocoaPods installation.\" >&2\n    exit 1\nfi\n# This output is used by Xcode 'outputs' to avoid re-running this script phase.\necho \"SUCCESS\" > \"${SCRIPT_OUTPUT_FILE_0}\"\n";
			showEnvVarsInLog = 0;
		};
		B6B295DFE907044B433EB9EE /* [CP] Copy Pods Resources */ = {
			isa = PBXShellScriptBuildPhase;
			buildActionMask = 2147483647;
			files = (
			);
			inputFileListPaths = (
				"${PODS_ROOT}/Target Support Files/Pods-NHFK_HolidayDrive-NHFK_HolidayDriveUITests/Pods-NHFK_HolidayDrive-NHFK_HolidayDriveUITests-resources-${CONFIGURATION}-input-files.xcfilelist",
			);
			name = "[CP] Copy Pods Resources";
			outputFileListPaths = (
				"${PODS_ROOT}/Target Support Files/Pods-NHFK_HolidayDrive-NHFK_HolidayDriveUITests/Pods-NHFK_HolidayDrive-NHFK_HolidayDriveUITests-resources-${CONFIGURATION}-output-files.xcfilelist",
			);
			runOnlyForDeploymentPostprocessing = 0;
			shellPath = /bin/sh;
			shellScript = "\"${PODS_ROOT}/Target Support Files/Pods-NHFK_HolidayDrive-NHFK_HolidayDriveUITests/Pods-NHFK_HolidayDrive-NHFK_HolidayDriveUITests-resources.sh\"\n";
			showEnvVarsInLog = 0;
		};
/* End PBXShellScriptBuildPhase section */

/* Begin PBXSourcesBuildPhase section */
		F1E68DFB2543D018006892EE /* Sources */ = {
			isa = PBXSourcesBuildPhase;
			buildActionMask = 2147483647;
			files = (
				F175FD54254615FE0011DD50 /* Utility.swift in Sources */,
				F1E68E6E2543D297006892EE /* EditChildVC.swift in Sources */,
				F1E68E4B2543D1D8006892EE /* HomeVC.swift in Sources */,
				F175FD472546139A0011DD50 /* Toast.swift in Sources */,
				F1E68E692543D28A006892EE /* AddChildVC.swift in Sources */,
				F1E68E032543D018006892EE /* AppDelegate.swift in Sources */,
				F1E68E462543D1CA006892EE /* RegStepTwoVC.swift in Sources */,
				F1E68E552543D1F8006892EE /* DonateVC.swift in Sources */,
				F1E68E412543D1BC006892EE /* RegStepOneVC.swift in Sources */,
				F175FD9A254BA5870011DD50 /* Sponsor.swift in Sources */,
				F1E68E5A2543D23F006892EE /* AboutVC.swift in Sources */,
				F1E68E502543D1EE006892EE /* ChildListVC.swift in Sources */,
				F1804816254530E8000501D4 /* Users.swift in Sources */,
				F1E68E782543D2EA006892EE /* EditAccountVC.swift in Sources */,
				F1E68E642543D264006892EE /* AccountVC.swift in Sources */,
				F175FD9F254BB2780011DD50 /* ResetPasswordVC.swift in Sources */,
				F1E68E5F2543D257006892EE /* SponsorsVC.swift in Sources */,
				F1E68E392543D186006892EE /* LoginVC.swift in Sources */,
				F12E7FAA25510B9600160B28 /* ChildCell.swift in Sources */,
				F1E68E732543D2D9006892EE /* EditHomeVC.swift in Sources */,
				F1E68E052543D018006892EE /* SceneDelegate.swift in Sources */,
				F175FD95254BA5780011DD50 /* Child.swift in Sources */,
				F1E68E7D2543D5C1006892EE /* AppStatisticsVC.swift in Sources */,
			);
			runOnlyForDeploymentPostprocessing = 0;
		};
		F1E68E112543D019006892EE /* Sources */ = {
			isa = PBXSourcesBuildPhase;
			buildActionMask = 2147483647;
			files = (
				F1E68E1A2543D019006892EE /* NHFK_HolidayDriveTests.swift in Sources */,
			);
			runOnlyForDeploymentPostprocessing = 0;
		};
		F1E68E1C2543D019006892EE /* Sources */ = {
			isa = PBXSourcesBuildPhase;
			buildActionMask = 2147483647;
			files = (
				F1E68E252543D019006892EE /* NHFK_HolidayDriveUITests.swift in Sources */,
			);
			runOnlyForDeploymentPostprocessing = 0;
		};
/* End PBXSourcesBuildPhase section */

/* Begin PBXTargetDependency section */
		F1E68E172543D019006892EE /* PBXTargetDependency */ = {
			isa = PBXTargetDependency;
			target = F1E68DFE2543D018006892EE /* NHFK_HolidayDrive */;
			targetProxy = F1E68E162543D019006892EE /* PBXContainerItemProxy */;
		};
		F1E68E222543D019006892EE /* PBXTargetDependency */ = {
			isa = PBXTargetDependency;
			target = F1E68DFE2543D018006892EE /* NHFK_HolidayDrive */;
			targetProxy = F1E68E212543D019006892EE /* PBXContainerItemProxy */;
		};
/* End PBXTargetDependency section */

/* Begin PBXVariantGroup section */
		F1E68E082543D018006892EE /* Main.storyboard */ = {
			isa = PBXVariantGroup;
			children = (
				F1E68E092543D018006892EE /* Base */,
			);
			name = Main.storyboard;
			sourceTree = "<group>";
		};
		F1E68E0D2543D019006892EE /* LaunchScreen.storyboard */ = {
			isa = PBXVariantGroup;
			children = (
				F1E68E0E2543D019006892EE /* Base */,
			);
			name = LaunchScreen.storyboard;
			sourceTree = "<group>";
		};
/* End PBXVariantGroup section */

/* Begin XCBuildConfiguration section */
		F1E68E272543D019006892EE /* Debug */ = {
			isa = XCBuildConfiguration;
			buildSettings = {
				ALWAYS_SEARCH_USER_PATHS = NO;
				CLANG_ANALYZER_NONNULL = YES;
				CLANG_ANALYZER_NUMBER_OBJECT_CONVERSION = YES_AGGRESSIVE;
				CLANG_CXX_LANGUAGE_STANDARD = "gnu++14";
				CLANG_CXX_LIBRARY = "libc++";
				CLANG_ENABLE_MODULES = YES;
				CLANG_ENABLE_OBJC_ARC = YES;
				CLANG_ENABLE_OBJC_WEAK = YES;
				CLANG_WARN_BLOCK_CAPTURE_AUTORELEASING = YES;
				CLANG_WARN_BOOL_CONVERSION = YES;
				CLANG_WARN_COMMA = YES;
				CLANG_WARN_CONSTANT_CONVERSION = YES;
				CLANG_WARN_DEPRECATED_OBJC_IMPLEMENTATIONS = YES;
				CLANG_WARN_DIRECT_OBJC_ISA_USAGE = YES_ERROR;
				CLANG_WARN_DOCUMENTATION_COMMENTS = YES;
				CLANG_WARN_EMPTY_BODY = YES;
				CLANG_WARN_ENUM_CONVERSION = YES;
				CLANG_WARN_INFINITE_RECURSION = YES;
				CLANG_WARN_INT_CONVERSION = YES;
				CLANG_WARN_NON_LITERAL_NULL_CONVERSION = YES;
				CLANG_WARN_OBJC_IMPLICIT_RETAIN_SELF = YES;
				CLANG_WARN_OBJC_LITERAL_CONVERSION = YES;
				CLANG_WARN_OBJC_ROOT_CLASS = YES_ERROR;
				CLANG_WARN_QUOTED_INCLUDE_IN_FRAMEWORK_HEADER = YES;
				CLANG_WARN_RANGE_LOOP_ANALYSIS = YES;
				CLANG_WARN_STRICT_PROTOTYPES = YES;
				CLANG_WARN_SUSPICIOUS_MOVE = YES;
				CLANG_WARN_UNGUARDED_AVAILABILITY = YES_AGGRESSIVE;
				CLANG_WARN_UNREACHABLE_CODE = YES;
				CLANG_WARN__DUPLICATE_METHOD_MATCH = YES;
				COPY_PHASE_STRIP = NO;
				DEBUG_INFORMATION_FORMAT = dwarf;
				ENABLE_STRICT_OBJC_MSGSEND = YES;
				ENABLE_TESTABILITY = YES;
				GCC_C_LANGUAGE_STANDARD = gnu11;
				GCC_DYNAMIC_NO_PIC = NO;
				GCC_NO_COMMON_BLOCKS = YES;
				GCC_OPTIMIZATION_LEVEL = 0;
				GCC_PREPROCESSOR_DEFINITIONS = (
					"DEBUG=1",
					"$(inherited)",
				);
				GCC_WARN_64_TO_32_BIT_CONVERSION = YES;
				GCC_WARN_ABOUT_RETURN_TYPE = YES_ERROR;
				GCC_WARN_UNDECLARED_SELECTOR = YES;
				GCC_WARN_UNINITIALIZED_AUTOS = YES_AGGRESSIVE;
				GCC_WARN_UNUSED_FUNCTION = YES;
				GCC_WARN_UNUSED_VARIABLE = YES;
				IPHONEOS_DEPLOYMENT_TARGET = 14.1;
				MTL_ENABLE_DEBUG_INFO = INCLUDE_SOURCE;
				MTL_FAST_MATH = YES;
				ONLY_ACTIVE_ARCH = YES;
				SDKROOT = iphoneos;
				SWIFT_ACTIVE_COMPILATION_CONDITIONS = DEBUG;
				SWIFT_OPTIMIZATION_LEVEL = "-Onone";
			};
			name = Debug;
		};
		F1E68E282543D019006892EE /* Release */ = {
			isa = XCBuildConfiguration;
			buildSettings = {
				ALWAYS_SEARCH_USER_PATHS = NO;
				CLANG_ANALYZER_NONNULL = YES;
				CLANG_ANALYZER_NUMBER_OBJECT_CONVERSION = YES_AGGRESSIVE;
				CLANG_CXX_LANGUAGE_STANDARD = "gnu++14";
				CLANG_CXX_LIBRARY = "libc++";
				CLANG_ENABLE_MODULES = YES;
				CLANG_ENABLE_OBJC_ARC = YES;
				CLANG_ENABLE_OBJC_WEAK = YES;
				CLANG_WARN_BLOCK_CAPTURE_AUTORELEASING = YES;
				CLANG_WARN_BOOL_CONVERSION = YES;
				CLANG_WARN_COMMA = YES;
				CLANG_WARN_CONSTANT_CONVERSION = YES;
				CLANG_WARN_DEPRECATED_OBJC_IMPLEMENTATIONS = YES;
				CLANG_WARN_DIRECT_OBJC_ISA_USAGE = YES_ERROR;
				CLANG_WARN_DOCUMENTATION_COMMENTS = YES;
				CLANG_WARN_EMPTY_BODY = YES;
				CLANG_WARN_ENUM_CONVERSION = YES;
				CLANG_WARN_INFINITE_RECURSION = YES;
				CLANG_WARN_INT_CONVERSION = YES;
				CLANG_WARN_NON_LITERAL_NULL_CONVERSION = YES;
				CLANG_WARN_OBJC_IMPLICIT_RETAIN_SELF = YES;
				CLANG_WARN_OBJC_LITERAL_CONVERSION = YES;
				CLANG_WARN_OBJC_ROOT_CLASS = YES_ERROR;
				CLANG_WARN_QUOTED_INCLUDE_IN_FRAMEWORK_HEADER = YES;
				CLANG_WARN_RANGE_LOOP_ANALYSIS = YES;
				CLANG_WARN_STRICT_PROTOTYPES = YES;
				CLANG_WARN_SUSPICIOUS_MOVE = YES;
				CLANG_WARN_UNGUARDED_AVAILABILITY = YES_AGGRESSIVE;
				CLANG_WARN_UNREACHABLE_CODE = YES;
				CLANG_WARN__DUPLICATE_METHOD_MATCH = YES;
				COPY_PHASE_STRIP = NO;
				DEBUG_INFORMATION_FORMAT = "dwarf-with-dsym";
				ENABLE_NS_ASSERTIONS = NO;
				ENABLE_STRICT_OBJC_MSGSEND = YES;
				GCC_C_LANGUAGE_STANDARD = gnu11;
				GCC_NO_COMMON_BLOCKS = YES;
				GCC_WARN_64_TO_32_BIT_CONVERSION = YES;
				GCC_WARN_ABOUT_RETURN_TYPE = YES_ERROR;
				GCC_WARN_UNDECLARED_SELECTOR = YES;
				GCC_WARN_UNINITIALIZED_AUTOS = YES_AGGRESSIVE;
				GCC_WARN_UNUSED_FUNCTION = YES;
				GCC_WARN_UNUSED_VARIABLE = YES;
				IPHONEOS_DEPLOYMENT_TARGET = 14.1;
				MTL_ENABLE_DEBUG_INFO = NO;
				MTL_FAST_MATH = YES;
				SDKROOT = iphoneos;
				SWIFT_COMPILATION_MODE = wholemodule;
				SWIFT_OPTIMIZATION_LEVEL = "-O";
				VALIDATE_PRODUCT = YES;
			};
			name = Release;
		};
		F1E68E2A2543D019006892EE /* Debug */ = {
			isa = XCBuildConfiguration;
			baseConfigurationReference = 470B9CE84E860AABECB7D4C6 /* Pods-NHFK_HolidayDrive.debug.xcconfig */;
			buildSettings = {
				ASSETCATALOG_COMPILER_APPICON_NAME = AppIcon;
				ASSETCATALOG_COMPILER_GLOBAL_ACCENT_COLOR_NAME = AccentColor;
				CODE_SIGN_ENTITLEMENTS = NHFK_HolidayDrive/NHFK_HolidayDrive.entitlements;
				CODE_SIGN_STYLE = Automatic;
				DEVELOPMENT_TEAM = QNM33LR2G7;
				INFOPLIST_FILE = NHFK_HolidayDrive/Info.plist;
				LD_RUNPATH_SEARCH_PATHS = (
					"$(inherited)",
					"@executable_path/Frameworks",
				);
				PRODUCT_BUNDLE_IDENTIFIER = "com.clworkman.fullsail.student.NHFK-HolidayDrive";
				PRODUCT_NAME = "$(TARGET_NAME)";
				SWIFT_VERSION = 5.0;
				TARGETED_DEVICE_FAMILY = "1,2";
			};
			name = Debug;
		};
		F1E68E2B2543D019006892EE /* Release */ = {
			isa = XCBuildConfiguration;
			baseConfigurationReference = 0BA21CC0661A93D356CEE766 /* Pods-NHFK_HolidayDrive.release.xcconfig */;
			buildSettings = {
				ASSETCATALOG_COMPILER_APPICON_NAME = AppIcon;
				ASSETCATALOG_COMPILER_GLOBAL_ACCENT_COLOR_NAME = AccentColor;
				CODE_SIGN_ENTITLEMENTS = NHFK_HolidayDrive/NHFK_HolidayDrive.entitlements;
				CODE_SIGN_STYLE = Automatic;
				DEVELOPMENT_TEAM = QNM33LR2G7;
				INFOPLIST_FILE = NHFK_HolidayDrive/Info.plist;
				LD_RUNPATH_SEARCH_PATHS = (
					"$(inherited)",
					"@executable_path/Frameworks",
				);
				PRODUCT_BUNDLE_IDENTIFIER = "com.clworkman.fullsail.student.NHFK-HolidayDrive";
				PRODUCT_NAME = "$(TARGET_NAME)";
				SWIFT_VERSION = 5.0;
				TARGETED_DEVICE_FAMILY = "1,2";
			};
			name = Release;
		};
		F1E68E2D2543D019006892EE /* Debug */ = {
			isa = XCBuildConfiguration;
			baseConfigurationReference = 641304F73DDC6DF675E344A4 /* Pods-NHFK_HolidayDriveTests.debug.xcconfig */;
			buildSettings = {
				ALWAYS_EMBED_SWIFT_STANDARD_LIBRARIES = YES;
				BUNDLE_LOADER = "$(TEST_HOST)";
				CODE_SIGN_STYLE = Automatic;
				DEVELOPMENT_TEAM = QNM33LR2G7;
				INFOPLIST_FILE = NHFK_HolidayDriveTests/Info.plist;
				IPHONEOS_DEPLOYMENT_TARGET = 14.1;
				LD_RUNPATH_SEARCH_PATHS = (
					"$(inherited)",
					"@executable_path/Frameworks",
					"@loader_path/Frameworks",
				);
				PRODUCT_BUNDLE_IDENTIFIER = "com.clworkman.fullsail.student.NHFK-HolidayDriveTests";
				PRODUCT_NAME = "$(TARGET_NAME)";
				SWIFT_VERSION = 5.0;
				TARGETED_DEVICE_FAMILY = "1,2";
				TEST_HOST = "$(BUILT_PRODUCTS_DIR)/NHFK_HolidayDrive.app/NHFK_HolidayDrive";
			};
			name = Debug;
		};
		F1E68E2E2543D019006892EE /* Release */ = {
			isa = XCBuildConfiguration;
			baseConfigurationReference = C3E106ABBDC48ADCEBFD4F76 /* Pods-NHFK_HolidayDriveTests.release.xcconfig */;
			buildSettings = {
				ALWAYS_EMBED_SWIFT_STANDARD_LIBRARIES = YES;
				BUNDLE_LOADER = "$(TEST_HOST)";
				CODE_SIGN_STYLE = Automatic;
				DEVELOPMENT_TEAM = QNM33LR2G7;
				INFOPLIST_FILE = NHFK_HolidayDriveTests/Info.plist;
				IPHONEOS_DEPLOYMENT_TARGET = 14.1;
				LD_RUNPATH_SEARCH_PATHS = (
					"$(inherited)",
					"@executable_path/Frameworks",
					"@loader_path/Frameworks",
				);
				PRODUCT_BUNDLE_IDENTIFIER = "com.clworkman.fullsail.student.NHFK-HolidayDriveTests";
				PRODUCT_NAME = "$(TARGET_NAME)";
				SWIFT_VERSION = 5.0;
				TARGETED_DEVICE_FAMILY = "1,2";
				TEST_HOST = "$(BUILT_PRODUCTS_DIR)/NHFK_HolidayDrive.app/NHFK_HolidayDrive";
			};
			name = Release;
		};
		F1E68E302543D019006892EE /* Debug */ = {
			isa = XCBuildConfiguration;
			baseConfigurationReference = E705539AD5821491A16A8857 /* Pods-NHFK_HolidayDrive-NHFK_HolidayDriveUITests.debug.xcconfig */;
			buildSettings = {
				ALWAYS_EMBED_SWIFT_STANDARD_LIBRARIES = YES;
				CODE_SIGN_STYLE = Automatic;
				DEVELOPMENT_TEAM = QNM33LR2G7;
				INFOPLIST_FILE = NHFK_HolidayDriveUITests/Info.plist;
				LD_RUNPATH_SEARCH_PATHS = (
					"$(inherited)",
					"@executable_path/Frameworks",
					"@loader_path/Frameworks",
				);
				PRODUCT_BUNDLE_IDENTIFIER = "com.clworkman.fullsail.student.NHFK-HolidayDriveUITests";
				PRODUCT_NAME = "$(TARGET_NAME)";
				SWIFT_VERSION = 5.0;
				TARGETED_DEVICE_FAMILY = "1,2";
				TEST_TARGET_NAME = NHFK_HolidayDrive;
			};
			name = Debug;
		};
		F1E68E312543D019006892EE /* Release */ = {
			isa = XCBuildConfiguration;
			baseConfigurationReference = 45752EBB87C152B3D0DF3D44 /* Pods-NHFK_HolidayDrive-NHFK_HolidayDriveUITests.release.xcconfig */;
			buildSettings = {
				ALWAYS_EMBED_SWIFT_STANDARD_LIBRARIES = YES;
				CODE_SIGN_STYLE = Automatic;
				DEVELOPMENT_TEAM = QNM33LR2G7;
				INFOPLIST_FILE = NHFK_HolidayDriveUITests/Info.plist;
				LD_RUNPATH_SEARCH_PATHS = (
					"$(inherited)",
					"@executable_path/Frameworks",
					"@loader_path/Frameworks",
				);
				PRODUCT_BUNDLE_IDENTIFIER = "com.clworkman.fullsail.student.NHFK-HolidayDriveUITests";
				PRODUCT_NAME = "$(TARGET_NAME)";
				SWIFT_VERSION = 5.0;
				TARGETED_DEVICE_FAMILY = "1,2";
				TEST_TARGET_NAME = NHFK_HolidayDrive;
			};
			name = Release;
		};
/* End XCBuildConfiguration section */

/* Begin XCConfigurationList section */
		F1E68DFA2543D018006892EE /* Build configuration list for PBXProject "NHFK_HolidayDrive" */ = {
			isa = XCConfigurationList;
			buildConfigurations = (
				F1E68E272543D019006892EE /* Debug */,
				F1E68E282543D019006892EE /* Release */,
			);
			defaultConfigurationIsVisible = 0;
			defaultConfigurationName = Release;
		};
		F1E68E292543D019006892EE /* Build configuration list for PBXNativeTarget "NHFK_HolidayDrive" */ = {
			isa = XCConfigurationList;
			buildConfigurations = (
				F1E68E2A2543D019006892EE /* Debug */,
				F1E68E2B2543D019006892EE /* Release */,
			);
			defaultConfigurationIsVisible = 0;
			defaultConfigurationName = Release;
		};
		F1E68E2C2543D019006892EE /* Build configuration list for PBXNativeTarget "NHFK_HolidayDriveTests" */ = {
			isa = XCConfigurationList;
			buildConfigurations = (
				F1E68E2D2543D019006892EE /* Debug */,
				F1E68E2E2543D019006892EE /* Release */,
			);
			defaultConfigurationIsVisible = 0;
			defaultConfigurationName = Release;
		};
		F1E68E2F2543D019006892EE /* Build configuration list for PBXNativeTarget "NHFK_HolidayDriveUITests" */ = {
			isa = XCConfigurationList;
			buildConfigurations = (
				F1E68E302543D019006892EE /* Debug */,
				F1E68E312543D019006892EE /* Release */,
			);
			defaultConfigurationIsVisible = 0;
			defaultConfigurationName = Release;
		};
/* End XCConfigurationList section */
	};
	rootObject = F1E68DF72543D018006892EE /* Project object */;
}
