// !$*UTF8*$!
{
	archiveVersion = 1;
	classes = {
	};
	objectVersion = 50;
	objects = {

/* Begin PBXBuildFile section */
		F14D4E37253A926E00CD841C /* AppDelegate.swift in Sources */ = {isa = PBXBuildFile; fileRef = F14D4E36253A926E00CD841C /* AppDelegate.swift */; };
		F14D4E39253A926E00CD841C /* SceneDelegate.swift in Sources */ = {isa = PBXBuildFile; fileRef = F14D4E38253A926E00CD841C /* SceneDelegate.swift */; };
		F14D4E3E253A926E00CD841C /* Main.storyboard in Resources */ = {isa = PBXBuildFile; fileRef = F14D4E3C253A926E00CD841C /* Main.storyboard */; };
		F14D4E40253A927200CD841C /* Assets.xcassets in Resources */ = {isa = PBXBuildFile; fileRef = F14D4E3F253A927200CD841C /* Assets.xcassets */; };
		F14D4E43253A927200CD841C /* LaunchScreen.storyboard in Resources */ = {isa = PBXBuildFile; fileRef = F14D4E41253A927200CD841C /* LaunchScreen.storyboard */; };
		F14D4E4E253A927200CD841C /* NHFK_HolidayDriveTests.swift in Sources */ = {isa = PBXBuildFile; fileRef = F14D4E4D253A927200CD841C /* NHFK_HolidayDriveTests.swift */; };
		F14D4E59253A927200CD841C /* NHFK_HolidayDriveUITests.swift in Sources */ = {isa = PBXBuildFile; fileRef = F14D4E58253A927200CD841C /* NHFK_HolidayDriveUITests.swift */; };
		F14D4E72253D341A00CD841C /* RegisterS1VC.swift in Sources */ = {isa = PBXBuildFile; fileRef = F14D4E71253D341A00CD841C /* RegisterS1VC.swift */; };
		F14D4E7A253D346F00CD841C /* RegisterS2VC.swift in Sources */ = {isa = PBXBuildFile; fileRef = F14D4E79253D346F00CD841C /* RegisterS2VC.swift */; };
		F14D4E81253D34D000CD841C /* HomeVC.swift in Sources */ = {isa = PBXBuildFile; fileRef = F14D4E80253D34D000CD841C /* HomeVC.swift */; };
/* End PBXBuildFile section */

/* Begin PBXContainerItemProxy section */
		F14D4E4A253A927200CD841C /* PBXContainerItemProxy */ = {
			isa = PBXContainerItemProxy;
			containerPortal = F14D4E2B253A926E00CD841C /* Project object */;
			proxyType = 1;
			remoteGlobalIDString = F14D4E32253A926E00CD841C;
			remoteInfo = NHFK_HolidayDrive;
		};
		F14D4E55253A927200CD841C /* PBXContainerItemProxy */ = {
			isa = PBXContainerItemProxy;
			containerPortal = F14D4E2B253A926E00CD841C /* Project object */;
			proxyType = 1;
			remoteGlobalIDString = F14D4E32253A926E00CD841C;
			remoteInfo = NHFK_HolidayDrive;
		};
/* End PBXContainerItemProxy section */

/* Begin PBXFileReference section */
		F14D4E33253A926E00CD841C /* NHFK_HolidayDrive.app */ = {isa = PBXFileReference; explicitFileType = wrapper.application; includeInIndex = 0; path = NHFK_HolidayDrive.app; sourceTree = BUILT_PRODUCTS_DIR; };
		F14D4E36253A926E00CD841C /* AppDelegate.swift */ = {isa = PBXFileReference; lastKnownFileType = sourcecode.swift; path = AppDelegate.swift; sourceTree = "<group>"; };
		F14D4E38253A926E00CD841C /* SceneDelegate.swift */ = {isa = PBXFileReference; lastKnownFileType = sourcecode.swift; path = SceneDelegate.swift; sourceTree = "<group>"; };
		F14D4E3D253A926E00CD841C /* Base */ = {isa = PBXFileReference; lastKnownFileType = file.storyboard; name = Base; path = Base.lproj/Main.storyboard; sourceTree = "<group>"; };
		F14D4E3F253A927200CD841C /* Assets.xcassets */ = {isa = PBXFileReference; lastKnownFileType = folder.assetcatalog; path = Assets.xcassets; sourceTree = "<group>"; };
		F14D4E42253A927200CD841C /* Base */ = {isa = PBXFileReference; lastKnownFileType = file.storyboard; name = Base; path = Base.lproj/LaunchScreen.storyboard; sourceTree = "<group>"; };
		F14D4E44253A927200CD841C /* Info.plist */ = {isa = PBXFileReference; lastKnownFileType = text.plist.xml; path = Info.plist; sourceTree = "<group>"; };
		F14D4E49253A927200CD841C /* NHFK_HolidayDriveTests.xctest */ = {isa = PBXFileReference; explicitFileType = wrapper.cfbundle; includeInIndex = 0; path = NHFK_HolidayDriveTests.xctest; sourceTree = BUILT_PRODUCTS_DIR; };
		F14D4E4D253A927200CD841C /* NHFK_HolidayDriveTests.swift */ = {isa = PBXFileReference; lastKnownFileType = sourcecode.swift; path = NHFK_HolidayDriveTests.swift; sourceTree = "<group>"; };
		F14D4E4F253A927200CD841C /* Info.plist */ = {isa = PBXFileReference; lastKnownFileType = text.plist.xml; path = Info.plist; sourceTree = "<group>"; };
		F14D4E54253A927200CD841C /* NHFK_HolidayDriveUITests.xctest */ = {isa = PBXFileReference; explicitFileType = wrapper.cfbundle; includeInIndex = 0; path = NHFK_HolidayDriveUITests.xctest; sourceTree = BUILT_PRODUCTS_DIR; };
		F14D4E58253A927200CD841C /* NHFK_HolidayDriveUITests.swift */ = {isa = PBXFileReference; lastKnownFileType = sourcecode.swift; path = NHFK_HolidayDriveUITests.swift; sourceTree = "<group>"; };
		F14D4E5A253A927200CD841C /* Info.plist */ = {isa = PBXFileReference; lastKnownFileType = text.plist.xml; path = Info.plist; sourceTree = "<group>"; };
		F14D4E71253D341A00CD841C /* RegisterS1VC.swift */ = {isa = PBXFileReference; lastKnownFileType = sourcecode.swift; path = RegisterS1VC.swift; sourceTree = "<group>"; };
		F14D4E79253D346F00CD841C /* RegisterS2VC.swift */ = {isa = PBXFileReference; lastKnownFileType = sourcecode.swift; path = RegisterS2VC.swift; sourceTree = "<group>"; };
		F14D4E80253D34D000CD841C /* HomeVC.swift */ = {isa = PBXFileReference; lastKnownFileType = sourcecode.swift; path = HomeVC.swift; sourceTree = "<group>"; };
/* End PBXFileReference section */

/* Begin PBXFrameworksBuildPhase section */
		F14D4E30253A926E00CD841C /* Frameworks */ = {
			isa = PBXFrameworksBuildPhase;
			buildActionMask = 2147483647;
			files = (
			);
			runOnlyForDeploymentPostprocessing = 0;
		};
		F14D4E46253A927200CD841C /* Frameworks */ = {
			isa = PBXFrameworksBuildPhase;
			buildActionMask = 2147483647;
			files = (
			);
			runOnlyForDeploymentPostprocessing = 0;
		};
		F14D4E51253A927200CD841C /* Frameworks */ = {
			isa = PBXFrameworksBuildPhase;
			buildActionMask = 2147483647;
			files = (
			);
			runOnlyForDeploymentPostprocessing = 0;
		};
/* End PBXFrameworksBuildPhase section */

/* Begin PBXGroup section */
		F14D4E2A253A926E00CD841C = {
			isa = PBXGroup;
			children = (
				F14D4E35253A926E00CD841C /* NHFK_HolidayDrive */,
				F14D4E4C253A927200CD841C /* NHFK_HolidayDriveTests */,
				F14D4E57253A927200CD841C /* NHFK_HolidayDriveUITests */,
				F14D4E34253A926E00CD841C /* Products */,
			);
			sourceTree = "<group>";
		};
		F14D4E34253A926E00CD841C /* Products */ = {
			isa = PBXGroup;
			children = (
				F14D4E33253A926E00CD841C /* NHFK_HolidayDrive.app */,
				F14D4E49253A927200CD841C /* NHFK_HolidayDriveTests.xctest */,
				F14D4E54253A927200CD841C /* NHFK_HolidayDriveUITests.xctest */,
			);
			name = Products;
			sourceTree = "<group>";
		};
		F14D4E35253A926E00CD841C /* NHFK_HolidayDrive */ = {
			isa = PBXGroup;
			children = (
				F14D4E7F253D34B700CD841C /* ViewControllers */,
				F14D4E36253A926E00CD841C /* AppDelegate.swift */,
				F14D4E38253A926E00CD841C /* SceneDelegate.swift */,
				F14D4E7E253D347F00CD841C /* AuthViewControllers */,
				F14D4E3C253A926E00CD841C /* Main.storyboard */,
				F14D4E3F253A927200CD841C /* Assets.xcassets */,
				F14D4E41253A927200CD841C /* LaunchScreen.storyboard */,
				F14D4E44253A927200CD841C /* Info.plist */,
			);
			path = NHFK_HolidayDrive;
			sourceTree = "<group>";
		};
		F14D4E4C253A927200CD841C /* NHFK_HolidayDriveTests */ = {
			isa = PBXGroup;
			children = (
				F14D4E4D253A927200CD841C /* NHFK_HolidayDriveTests.swift */,
				F14D4E4F253A927200CD841C /* Info.plist */,
			);
			path = NHFK_HolidayDriveTests;
			sourceTree = "<group>";
		};
		F14D4E57253A927200CD841C /* NHFK_HolidayDriveUITests */ = {
			isa = PBXGroup;
			children = (
				F14D4E58253A927200CD841C /* NHFK_HolidayDriveUITests.swift */,
				F14D4E5A253A927200CD841C /* Info.plist */,
			);
			path = NHFK_HolidayDriveUITests;
			sourceTree = "<group>";
		};
		F14D4E7E253D347F00CD841C /* AuthViewControllers */ = {
			isa = PBXGroup;
			children = (
				F14D4E71253D341A00CD841C /* RegisterS1VC.swift */,
				F14D4E79253D346F00CD841C /* RegisterS2VC.swift */,
			);
			path = AuthViewControllers;
			sourceTree = "<group>";
		};
		F14D4E7F253D34B700CD841C /* ViewControllers */ = {
			isa = PBXGroup;
			children = (
				F14D4E80253D34D000CD841C /* HomeVC.swift */,
			);
			path = ViewControllers;
			sourceTree = "<group>";
		};
/* End PBXGroup section */

/* Begin PBXNativeTarget section */
		F14D4E32253A926E00CD841C /* NHFK_HolidayDrive */ = {
			isa = PBXNativeTarget;
			buildConfigurationList = F14D4E5D253A927200CD841C /* Build configuration list for PBXNativeTarget "NHFK_HolidayDrive" */;
			buildPhases = (
				F14D4E2F253A926E00CD841C /* Sources */,
				F14D4E30253A926E00CD841C /* Frameworks */,
				F14D4E31253A926E00CD841C /* Resources */,
			);
			buildRules = (
			);
			dependencies = (
			);
			name = NHFK_HolidayDrive;
			productName = NHFK_HolidayDrive;
			productReference = F14D4E33253A926E00CD841C /* NHFK_HolidayDrive.app */;
			productType = "com.apple.product-type.application";
		};
		F14D4E48253A927200CD841C /* NHFK_HolidayDriveTests */ = {
			isa = PBXNativeTarget;
			buildConfigurationList = F14D4E60253A927200CD841C /* Build configuration list for PBXNativeTarget "NHFK_HolidayDriveTests" */;
			buildPhases = (
				F14D4E45253A927200CD841C /* Sources */,
				F14D4E46253A927200CD841C /* Frameworks */,
				F14D4E47253A927200CD841C /* Resources */,
			);
			buildRules = (
			);
			dependencies = (
				F14D4E4B253A927200CD841C /* PBXTargetDependency */,
			);
			name = NHFK_HolidayDriveTests;
			productName = NHFK_HolidayDriveTests;
			productReference = F14D4E49253A927200CD841C /* NHFK_HolidayDriveTests.xctest */;
			productType = "com.apple.product-type.bundle.unit-test";
		};
		F14D4E53253A927200CD841C /* NHFK_HolidayDriveUITests */ = {
			isa = PBXNativeTarget;
			buildConfigurationList = F14D4E63253A927200CD841C /* Build configuration list for PBXNativeTarget "NHFK_HolidayDriveUITests" */;
			buildPhases = (
				F14D4E50253A927200CD841C /* Sources */,
				F14D4E51253A927200CD841C /* Frameworks */,
				F14D4E52253A927200CD841C /* Resources */,
			);
			buildRules = (
			);
			dependencies = (
				F14D4E56253A927200CD841C /* PBXTargetDependency */,
			);
			name = NHFK_HolidayDriveUITests;
			productName = NHFK_HolidayDriveUITests;
			productReference = F14D4E54253A927200CD841C /* NHFK_HolidayDriveUITests.xctest */;
			productType = "com.apple.product-type.bundle.ui-testing";
		};
/* End PBXNativeTarget section */

/* Begin PBXProject section */
		F14D4E2B253A926E00CD841C /* Project object */ = {
			isa = PBXProject;
			attributes = {
				LastSwiftUpdateCheck = 1200;
				LastUpgradeCheck = 1200;
				TargetAttributes = {
					F14D4E32253A926E00CD841C = {
						CreatedOnToolsVersion = 12.0.1;
					};
					F14D4E48253A927200CD841C = {
						CreatedOnToolsVersion = 12.0.1;
						TestTargetID = F14D4E32253A926E00CD841C;
					};
					F14D4E53253A927200CD841C = {
						CreatedOnToolsVersion = 12.0.1;
						TestTargetID = F14D4E32253A926E00CD841C;
					};
				};
			};
			buildConfigurationList = F14D4E2E253A926E00CD841C /* Build configuration list for PBXProject "NHFK_HolidayDrive" */;
			compatibilityVersion = "Xcode 9.3";
			developmentRegion = en;
			hasScannedForEncodings = 0;
			knownRegions = (
				en,
				Base,
			);
			mainGroup = F14D4E2A253A926E00CD841C;
			productRefGroup = F14D4E34253A926E00CD841C /* Products */;
			projectDirPath = "";
			projectRoot = "";
			targets = (
				F14D4E32253A926E00CD841C /* NHFK_HolidayDrive */,
				F14D4E48253A927200CD841C /* NHFK_HolidayDriveTests */,
				F14D4E53253A927200CD841C /* NHFK_HolidayDriveUITests */,
			);
		};
/* End PBXProject section */

/* Begin PBXResourcesBuildPhase section */
		F14D4E31253A926E00CD841C /* Resources */ = {
			isa = PBXResourcesBuildPhase;
			buildActionMask = 2147483647;
			files = (
				F14D4E43253A927200CD841C /* LaunchScreen.storyboard in Resources */,
				F14D4E40253A927200CD841C /* Assets.xcassets in Resources */,
				F14D4E3E253A926E00CD841C /* Main.storyboard in Resources */,
			);
			runOnlyForDeploymentPostprocessing = 0;
		};
		F14D4E47253A927200CD841C /* Resources */ = {
			isa = PBXResourcesBuildPhase;
			buildActionMask = 2147483647;
			files = (
			);
			runOnlyForDeploymentPostprocessing = 0;
		};
		F14D4E52253A927200CD841C /* Resources */ = {
			isa = PBXResourcesBuildPhase;
			buildActionMask = 2147483647;
			files = (
			);
			runOnlyForDeploymentPostprocessing = 0;
		};
/* End PBXResourcesBuildPhase section */

/* Begin PBXSourcesBuildPhase section */
		F14D4E2F253A926E00CD841C /* Sources */ = {
			isa = PBXSourcesBuildPhase;
			buildActionMask = 2147483647;
			files = (
				F14D4E7A253D346F00CD841C /* RegisterS2VC.swift in Sources */,
				F14D4E37253A926E00CD841C /* AppDelegate.swift in Sources */,
				F14D4E81253D34D000CD841C /* HomeVC.swift in Sources */,
				F14D4E39253A926E00CD841C /* SceneDelegate.swift in Sources */,
				F14D4E72253D341A00CD841C /* RegisterS1VC.swift in Sources */,
			);
			runOnlyForDeploymentPostprocessing = 0;
		};
		F14D4E45253A927200CD841C /* Sources */ = {
			isa = PBXSourcesBuildPhase;
			buildActionMask = 2147483647;
			files = (
				F14D4E4E253A927200CD841C /* NHFK_HolidayDriveTests.swift in Sources */,
			);
			runOnlyForDeploymentPostprocessing = 0;
		};
		F14D4E50253A927200CD841C /* Sources */ = {
			isa = PBXSourcesBuildPhase;
			buildActionMask = 2147483647;
			files = (
				F14D4E59253A927200CD841C /* NHFK_HolidayDriveUITests.swift in Sources */,
			);
			runOnlyForDeploymentPostprocessing = 0;
		};
/* End PBXSourcesBuildPhase section */

/* Begin PBXTargetDependency section */
		F14D4E4B253A927200CD841C /* PBXTargetDependency */ = {
			isa = PBXTargetDependency;
			target = F14D4E32253A926E00CD841C /* NHFK_HolidayDrive */;
			targetProxy = F14D4E4A253A927200CD841C /* PBXContainerItemProxy */;
		};
		F14D4E56253A927200CD841C /* PBXTargetDependency */ = {
			isa = PBXTargetDependency;
			target = F14D4E32253A926E00CD841C /* NHFK_HolidayDrive */;
			targetProxy = F14D4E55253A927200CD841C /* PBXContainerItemProxy */;
		};
/* End PBXTargetDependency section */

/* Begin PBXVariantGroup section */
		F14D4E3C253A926E00CD841C /* Main.storyboard */ = {
			isa = PBXVariantGroup;
			children = (
				F14D4E3D253A926E00CD841C /* Base */,
			);
			name = Main.storyboard;
			sourceTree = "<group>";
		};
		F14D4E41253A927200CD841C /* LaunchScreen.storyboard */ = {
			isa = PBXVariantGroup;
			children = (
				F14D4E42253A927200CD841C /* Base */,
			);
			name = LaunchScreen.storyboard;
			sourceTree = "<group>";
		};
/* End PBXVariantGroup section */

/* Begin XCBuildConfiguration section */
		F14D4E5B253A927200CD841C /* Debug */ = {
			isa = XCBuildConfiguration;
			buildSettings = {
				ALWAYS_SEARCH_USER_PATHS = NO;
				CLANG_ANALYZER_NONNULL = YES;
				CLANG_ANALYZER_NUMBER_OBJECT_CONVERSION = YES_AGGRESSIVE;
				CLANG_CXX_LANGUAGE_STANDARD = "gnu++14";
				CLANG_CXX_LIBRARY = "libc++";
				CLANG_ENABLE_MODULES = YES;
				CLANG_ENABLE_OBJC_ARC = YES;
				CLANG_ENABLE_OBJC_WEAK = YES;
				CLANG_WARN_BLOCK_CAPTURE_AUTORELEASING = YES;
				CLANG_WARN_BOOL_CONVERSION = YES;
				CLANG_WARN_COMMA = YES;
				CLANG_WARN_CONSTANT_CONVERSION = YES;
				CLANG_WARN_DEPRECATED_OBJC_IMPLEMENTATIONS = YES;
				CLANG_WARN_DIRECT_OBJC_ISA_USAGE = YES_ERROR;
				CLANG_WARN_DOCUMENTATION_COMMENTS = YES;
				CLANG_WARN_EMPTY_BODY = YES;
				CLANG_WARN_ENUM_CONVERSION = YES;
				CLANG_WARN_INFINITE_RECURSION = YES;
				CLANG_WARN_INT_CONVERSION = YES;
				CLANG_WARN_NON_LITERAL_NULL_CONVERSION = YES;
				CLANG_WARN_OBJC_IMPLICIT_RETAIN_SELF = YES;
				CLANG_WARN_OBJC_LITERAL_CONVERSION = YES;
				CLANG_WARN_OBJC_ROOT_CLASS = YES_ERROR;
				CLANG_WARN_QUOTED_INCLUDE_IN_FRAMEWORK_HEADER = YES;
				CLANG_WARN_RANGE_LOOP_ANALYSIS = YES;
				CLANG_WARN_STRICT_PROTOTYPES = YES;
				CLANG_WARN_SUSPICIOUS_MOVE = YES;
				CLANG_WARN_UNGUARDED_AVAILABILITY = YES_AGGRESSIVE;
				CLANG_WARN_UNREACHABLE_CODE = YES;
				CLANG_WARN__DUPLICATE_METHOD_MATCH = YES;
				COPY_PHASE_STRIP = NO;
				DEBUG_INFORMATION_FORMAT = dwarf;
				ENABLE_STRICT_OBJC_MSGSEND = YES;
				ENABLE_TESTABILITY = YES;
				GCC_C_LANGUAGE_STANDARD = gnu11;
				GCC_DYNAMIC_NO_PIC = NO;
				GCC_NO_COMMON_BLOCKS = YES;
				GCC_OPTIMIZATION_LEVEL = 0;
				GCC_PREPROCESSOR_DEFINITIONS = (
					"DEBUG=1",
					"$(inherited)",
				);
				GCC_WARN_64_TO_32_BIT_CONVERSION = YES;
				GCC_WARN_ABOUT_RETURN_TYPE = YES_ERROR;
				GCC_WARN_UNDECLARED_SELECTOR = YES;
				GCC_WARN_UNINITIALIZED_AUTOS = YES_AGGRESSIVE;
				GCC_WARN_UNUSED_FUNCTION = YES;
				GCC_WARN_UNUSED_VARIABLE = YES;
				IPHONEOS_DEPLOYMENT_TARGET = 14.0;
				MTL_ENABLE_DEBUG_INFO = INCLUDE_SOURCE;
				MTL_FAST_MATH = YES;
				ONLY_ACTIVE_ARCH = YES;
				SDKROOT = iphoneos;
				SWIFT_ACTIVE_COMPILATION_CONDITIONS = DEBUG;
				SWIFT_OPTIMIZATION_LEVEL = "-Onone";
			};
			name = Debug;
		};
		F14D4E5C253A927200CD841C /* Release */ = {
			isa = XCBuildConfiguration;
			buildSettings = {
				ALWAYS_SEARCH_USER_PATHS = NO;
				CLANG_ANALYZER_NONNULL = YES;
				CLANG_ANALYZER_NUMBER_OBJECT_CONVERSION = YES_AGGRESSIVE;
				CLANG_CXX_LANGUAGE_STANDARD = "gnu++14";
				CLANG_CXX_LIBRARY = "libc++";
				CLANG_ENABLE_MODULES = YES;
				CLANG_ENABLE_OBJC_ARC = YES;
				CLANG_ENABLE_OBJC_WEAK = YES;
				CLANG_WARN_BLOCK_CAPTURE_AUTORELEASING = YES;
				CLANG_WARN_BOOL_CONVERSION = YES;
				CLANG_WARN_COMMA = YES;
				CLANG_WARN_CONSTANT_CONVERSION = YES;
				CLANG_WARN_DEPRECATED_OBJC_IMPLEMENTATIONS = YES;
				CLANG_WARN_DIRECT_OBJC_ISA_USAGE = YES_ERROR;
				CLANG_WARN_DOCUMENTATION_COMMENTS = YES;
				CLANG_WARN_EMPTY_BODY = YES;
				CLANG_WARN_ENUM_CONVERSION = YES;
				CLANG_WARN_INFINITE_RECURSION = YES;
				CLANG_WARN_INT_CONVERSION = YES;
				CLANG_WARN_NON_LITERAL_NULL_CONVERSION = YES;
				CLANG_WARN_OBJC_IMPLICIT_RETAIN_SELF = YES;
				CLANG_WARN_OBJC_LITERAL_CONVERSION = YES;
				CLANG_WARN_OBJC_ROOT_CLASS = YES_ERROR;
				CLANG_WARN_QUOTED_INCLUDE_IN_FRAMEWORK_HEADER = YES;
				CLANG_WARN_RANGE_LOOP_ANALYSIS = YES;
				CLANG_WARN_STRICT_PROTOTYPES = YES;
				CLANG_WARN_SUSPICIOUS_MOVE = YES;
				CLANG_WARN_UNGUARDED_AVAILABILITY = YES_AGGRESSIVE;
				CLANG_WARN_UNREACHABLE_CODE = YES;
				CLANG_WARN__DUPLICATE_METHOD_MATCH = YES;
				COPY_PHASE_STRIP = NO;
				DEBUG_INFORMATION_FORMAT = "dwarf-with-dsym";
				ENABLE_NS_ASSERTIONS = NO;
				ENABLE_STRICT_OBJC_MSGSEND = YES;
				GCC_C_LANGUAGE_STANDARD = gnu11;
				GCC_NO_COMMON_BLOCKS = YES;
				GCC_WARN_64_TO_32_BIT_CONVERSION = YES;
				GCC_WARN_ABOUT_RETURN_TYPE = YES_ERROR;
				GCC_WARN_UNDECLARED_SELECTOR = YES;
				GCC_WARN_UNINITIALIZED_AUTOS = YES_AGGRESSIVE;
				GCC_WARN_UNUSED_FUNCTION = YES;
				GCC_WARN_UNUSED_VARIABLE = YES;
				IPHONEOS_DEPLOYMENT_TARGET = 14.0;
				MTL_ENABLE_DEBUG_INFO = NO;
				MTL_FAST_MATH = YES;
				SDKROOT = iphoneos;
				SWIFT_COMPILATION_MODE = wholemodule;
				SWIFT_OPTIMIZATION_LEVEL = "-O";
				VALIDATE_PRODUCT = YES;
			};
			name = Release;
		};
		F14D4E5E253A927200CD841C /* Debug */ = {
			isa = XCBuildConfiguration;
			buildSettings = {
				ASSETCATALOG_COMPILER_APPICON_NAME = AppIcon;
				ASSETCATALOG_COMPILER_GLOBAL_ACCENT_COLOR_NAME = AccentColor;
				CODE_SIGN_STYLE = Automatic;
				DEVELOPMENT_TEAM = QNM33LR2G7;
				INFOPLIST_FILE = NHFK_HolidayDrive/Info.plist;
				LD_RUNPATH_SEARCH_PATHS = (
					"$(inherited)",
					"@executable_path/Frameworks",
				);
				PRODUCT_BUNDLE_IDENTIFIER = "com.clworkman.fullsail.student.NHFK-HolidayDrive";
				PRODUCT_NAME = "$(TARGET_NAME)";
				SWIFT_VERSION = 5.0;
				TARGETED_DEVICE_FAMILY = "1,2";
			};
			name = Debug;
		};
		F14D4E5F253A927200CD841C /* Release */ = {
			isa = XCBuildConfiguration;
			buildSettings = {
				ASSETCATALOG_COMPILER_APPICON_NAME = AppIcon;
				ASSETCATALOG_COMPILER_GLOBAL_ACCENT_COLOR_NAME = AccentColor;
				CODE_SIGN_STYLE = Automatic;
				DEVELOPMENT_TEAM = QNM33LR2G7;
				INFOPLIST_FILE = NHFK_HolidayDrive/Info.plist;
				LD_RUNPATH_SEARCH_PATHS = (
					"$(inherited)",
					"@executable_path/Frameworks",
				);
				PRODUCT_BUNDLE_IDENTIFIER = "com.clworkman.fullsail.student.NHFK-HolidayDrive";
				PRODUCT_NAME = "$(TARGET_NAME)";
				SWIFT_VERSION = 5.0;
				TARGETED_DEVICE_FAMILY = "1,2";
			};
			name = Release;
		};
		F14D4E61253A927200CD841C /* Debug */ = {
			isa = XCBuildConfiguration;
			buildSettings = {
				ALWAYS_EMBED_SWIFT_STANDARD_LIBRARIES = YES;
				BUNDLE_LOADER = "$(TEST_HOST)";
				CODE_SIGN_STYLE = Automatic;
				DEVELOPMENT_TEAM = QNM33LR2G7;
				INFOPLIST_FILE = NHFK_HolidayDriveTests/Info.plist;
				IPHONEOS_DEPLOYMENT_TARGET = 14.0;
				LD_RUNPATH_SEARCH_PATHS = (
					"$(inherited)",
					"@executable_path/Frameworks",
					"@loader_path/Frameworks",
				);
				PRODUCT_BUNDLE_IDENTIFIER = "com.clworkman.fullsail.student.NHFK-HolidayDriveTests";
				PRODUCT_NAME = "$(TARGET_NAME)";
				SWIFT_VERSION = 5.0;
				TARGETED_DEVICE_FAMILY = "1,2";
				TEST_HOST = "$(BUILT_PRODUCTS_DIR)/NHFK_HolidayDrive.app/NHFK_HolidayDrive";
			};
			name = Debug;
		};
		F14D4E62253A927200CD841C /* Release */ = {
			isa = XCBuildConfiguration;
			buildSettings = {
				ALWAYS_EMBED_SWIFT_STANDARD_LIBRARIES = YES;
				BUNDLE_LOADER = "$(TEST_HOST)";
				CODE_SIGN_STYLE = Automatic;
				DEVELOPMENT_TEAM = QNM33LR2G7;
				INFOPLIST_FILE = NHFK_HolidayDriveTests/Info.plist;
				IPHONEOS_DEPLOYMENT_TARGET = 14.0;
				LD_RUNPATH_SEARCH_PATHS = (
					"$(inherited)",
					"@executable_path/Frameworks",
					"@loader_path/Frameworks",
				);
				PRODUCT_BUNDLE_IDENTIFIER = "com.clworkman.fullsail.student.NHFK-HolidayDriveTests";
				PRODUCT_NAME = "$(TARGET_NAME)";
				SWIFT_VERSION = 5.0;
				TARGETED_DEVICE_FAMILY = "1,2";
				TEST_HOST = "$(BUILT_PRODUCTS_DIR)/NHFK_HolidayDrive.app/NHFK_HolidayDrive";
			};
			name = Release;
		};
		F14D4E64253A927200CD841C /* Debug */ = {
			isa = XCBuildConfiguration;
			buildSettings = {
				ALWAYS_EMBED_SWIFT_STANDARD_LIBRARIES = YES;
				CODE_SIGN_STYLE = Automatic;
				DEVELOPMENT_TEAM = QNM33LR2G7;
				INFOPLIST_FILE = NHFK_HolidayDriveUITests/Info.plist;
				LD_RUNPATH_SEARCH_PATHS = (
					"$(inherited)",
					"@executable_path/Frameworks",
					"@loader_path/Frameworks",
				);
				PRODUCT_BUNDLE_IDENTIFIER = "com.clworkman.fullsail.student.NHFK-HolidayDriveUITests";
				PRODUCT_NAME = "$(TARGET_NAME)";
				SWIFT_VERSION = 5.0;
				TARGETED_DEVICE_FAMILY = "1,2";
				TEST_TARGET_NAME = NHFK_HolidayDrive;
			};
			name = Debug;
		};
		F14D4E65253A927200CD841C /* Release */ = {
			isa = XCBuildConfiguration;
			buildSettings = {
				ALWAYS_EMBED_SWIFT_STANDARD_LIBRARIES = YES;
				CODE_SIGN_STYLE = Automatic;
				DEVELOPMENT_TEAM = QNM33LR2G7;
				INFOPLIST_FILE = NHFK_HolidayDriveUITests/Info.plist;
				LD_RUNPATH_SEARCH_PATHS = (
					"$(inherited)",
					"@executable_path/Frameworks",
					"@loader_path/Frameworks",
				);
				PRODUCT_BUNDLE_IDENTIFIER = "com.clworkman.fullsail.student.NHFK-HolidayDriveUITests";
				PRODUCT_NAME = "$(TARGET_NAME)";
				SWIFT_VERSION = 5.0;
				TARGETED_DEVICE_FAMILY = "1,2";
				TEST_TARGET_NAME = NHFK_HolidayDrive;
			};
			name = Release;
		};
/* End XCBuildConfiguration section */

/* Begin XCConfigurationList section */
		F14D4E2E253A926E00CD841C /* Build configuration list for PBXProject "NHFK_HolidayDrive" */ = {
			isa = XCConfigurationList;
			buildConfigurations = (
				F14D4E5B253A927200CD841C /* Debug */,
				F14D4E5C253A927200CD841C /* Release */,
			);
			defaultConfigurationIsVisible = 0;
			defaultConfigurationName = Release;
		};
		F14D4E5D253A927200CD841C /* Build configuration list for PBXNativeTarget "NHFK_HolidayDrive" */ = {
			isa = XCConfigurationList;
			buildConfigurations = (
				F14D4E5E253A927200CD841C /* Debug */,
				F14D4E5F253A927200CD841C /* Release */,
			);
			defaultConfigurationIsVisible = 0;
			defaultConfigurationName = Release;
		};
		F14D4E60253A927200CD841C /* Build configuration list for PBXNativeTarget "NHFK_HolidayDriveTests" */ = {
			isa = XCConfigurationList;
			buildConfigurations = (
				F14D4E61253A927200CD841C /* Debug */,
				F14D4E62253A927200CD841C /* Release */,
			);
			defaultConfigurationIsVisible = 0;
			defaultConfigurationName = Release;
		};
		F14D4E63253A927200CD841C /* Build configuration list for PBXNativeTarget "NHFK_HolidayDriveUITests" */ = {
			isa = XCConfigurationList;
			buildConfigurations = (
				F14D4E64253A927200CD841C /* Debug */,
				F14D4E65253A927200CD841C /* Release */,
			);
			defaultConfigurationIsVisible = 0;
			defaultConfigurationName = Release;
		};
/* End XCConfigurationList section */
	};
	rootObject = F14D4E2B253A926E00CD841C /* Project object */;
}
